{
  "nodes": {
    "nixpkgs": {
      "locked": {
        "lastModified": 1635808042,
        "narHash": "sha256-kQg7LzPj+UQlCAgD0dJhJ88QdzduXwIyqnTLXScKBbY=",
        "owner": "NixOS",
        "repo": "nixpkgs",
        "rev": "550dab224a26ec25e20e82c0c8bfc764e01b772e",
        "type": "github"
      },
      "original": {
        "owner": "NixOS",
        "ref": "nixpkgs-unstable",
        "repo": "nixpkgs",
        "type": "github"
      }
    },
    "root": {
      "inputs": {
        "nixpkgs": "nixpkgs"
      }
    }
  },
  "root": "root",
  "version": 7
}
